# THIS IS AN AUTOGENERATED FILE. DO NOT EDIT THIS FILE DIRECTLY.
# yarn lockfile v1


"@gorhom/bottom-sheet@^4":
  version "4.3.1"
  resolved "https://registry.yarnpkg.com/@gorhom/bottom-sheet/-/bottom-sheet-4.3.1.tgz#842790fd9f4c2470dc0682a1eb9616b68f93a71e"
  integrity sha512-z7Mlo8GOqGAZsPJXL17v3o+I1TQBPZ+n+FmZybBCoM73m/aYXLCtpXo/knoPaZkI91eKuWQ3LLz+yCfGkNPiuA==
  dependencies:
    "@gorhom/portal" "1.0.13"
    invariant "^2.2.4"
    nanoid "^3.3.3"
    react-native-redash "^16.1.1"

"@gorhom/portal@1.0.13":
  version "1.0.13"
  resolved "https://registry.yarnpkg.com/@gorhom/portal/-/portal-1.0.13.tgz#da3af4d427e1fa68d264107de4b3072a4adf35ce"
  integrity sha512-ViClKPkyGnj8HVMW45OGQSnGbWBVh8i3tgMOkGqpm6Cv0WVcDfUL7SER6zyGQy8Wdoj3GUDpAJFMqVOxpmRpzw==
  dependencies:
    nanoid "^3.3.1"

abs-svg-path@^0.1.1:
  version "0.1.1"
  resolved "https://registry.yarnpkg.com/abs-svg-path/-/abs-svg-path-0.1.1.tgz#df601c8e8d2ba10d4a76d625e236a9a39c2723bf"
  integrity sha512-d8XPSGjfyzlXC3Xx891DJRyZfqk5JU0BJrDQcsWomFIV1/BIzPW5HDH5iDdWpqWaav0YVIEzT1RHTwWr0FFshA==

invariant@^2.2.4:
  version "2.2.4"
  resolved "https://registry.yarnpkg.com/invariant/-/invariant-2.2.4.tgz#610f3c92c9359ce1db616e538008d23ff35158e6"
  integrity sha512-phJfQVBuaJM5raOpJjSfkiD6BpbCE4Ns//LaXl6wGYtUBY83nWS6Rf9tXm2e8VaK60JEjYldbPif/A2B1C2gNA==
  dependencies:
    loose-envify "^1.0.0"

"js-tokens@^3.0.0 || ^4.0.0":
  version "4.0.0"
  resolved "https://registry.yarnpkg.com/js-tokens/-/js-tokens-4.0.0.tgz#19203fb59991df98e3a287050d4647cdeaf32499"
  integrity sha512-RdJUflcE3cUzKiMqQgsCu06FPu9UdIJO0beYbPhHN4k6apgJtifcoCtT9bcxOpYBtpD2kCM6Sbzg4CausW/PKQ==

loose-envify@^1.0.0:
  version "1.4.0"
  resolved "https://registry.yarnpkg.com/loose-envify/-/loose-envify-1.4.0.tgz#71ee51fa7be4caec1a63839f7e682d8132d30caf"
  integrity sha512-lyuxPGr/Wfhrlem2CL/UcnUc1zcqKAImBDzukY7Y5F/yQiNdko6+fRLevlw1HgMySw7f611UIY408EtxRSoK3Q==
  dependencies:
    js-tokens "^3.0.0 || ^4.0.0"

nanoid@^3.3.1, nanoid@^3.3.3:
  version "3.3.4"
  resolved "https://registry.yarnpkg.com/nanoid/-/nanoid-3.3.4.tgz#730b67e3cd09e2deacf03c027c81c9d9dbc5e8ab"
  integrity sha512-MqBkQh/OHTS2egovRtLk45wEyNXwF+cokD+1YPf9u5VfJiRdAiRwB2froX5Co9Rh20xs4siNPm8naNotSD6RBw==

normalize-svg-path@^1.0.1:
  version "1.1.0"
  resolved "https://registry.yarnpkg.com/normalize-svg-path/-/normalize-svg-path-1.1.0.tgz#0e614eca23c39f0cffe821d6be6cd17e569a766c"
  integrity sha512-r9KHKG2UUeB5LoTouwDzBy2VxXlHsiM6fyLQvnJa0S5hrhzqElH/CH7TUGhT1fVvIYBIKf3OpY4YJ4CK+iaqHg==
  dependencies:
    svg-arc-to-cubic-bezier "^3.0.0"

parse-svg-path@^0.1.2:
  version "0.1.2"
  resolved "https://registry.yarnpkg.com/parse-svg-path/-/parse-svg-path-0.1.2.tgz#7a7ec0d1eb06fa5325c7d3e009b859a09b5d49eb"
  integrity sha1-en7A0esG+lMlx9PgCbhZoJtdSes=

react-native-redash@^16.1.1:
  version "16.3.0"
  resolved "https://registry.yarnpkg.com/react-native-redash/-/react-native-redash-16.3.0.tgz#a9112ff1b0e0b506a2e2ae50967597e73b69d343"
  integrity sha512-dhmeYbQ/usGzxZSGZmzmRuIFF2LrtJUKqgseKgf9Jdj0JQ7VM20m/LqTg60+wjxeiyAh2D/vKsQ2U7rMkuoplQ==
  dependencies:
    abs-svg-path "^0.1.1"
    normalize-svg-path "^1.0.1"
    parse-svg-path "^0.1.2"

svg-arc-to-cubic-bezier@^3.0.0:
  version "3.2.0"
  resolved "https://registry.yarnpkg.com/svg-arc-to-cubic-bezier/-/svg-arc-to-cubic-bezier-3.2.0.tgz#390c450035ae1c4a0104d90650304c3bc814abe6"
  integrity sha512-djbJ/vZKZO+gPoSDThGNpKDO+o+bAeA4XQKovvkNCqnIS2t+S4qnLAGQhyyrulhCFRl1WWzAp0wUDV8PpTVU3g==
